
Microsoft Visual Studio Solution File, Format Version 12.00
# Visual Studio Version 17
VisualStudioVersion = 17.8.34322.80
MinimumVisualStudioVersion = 10.0.40219.1
Project("{FAE04EC0-301F-11D3-BF4B-00C04F79EFBC}") = "HuyTrong", "HuyTrong\HuyTrong.csproj", "{EB3F604C-ADC8-4438-8877-328592E392B6}"
EndProject
Global
	GlobalSection(SolutionConfigurationPlatforms) = preSolution
		Debug|Any CPU = Debug|Any CPU
		Release|Any CPU = Release|Any CPU
	EndGlobalSection
	GlobalSection(ProjectConfigurationPlatforms) = postSolution
		{EB3F604C-ADC8-4438-8877-328592E392B6}.Debug|Any CPU.ActiveCfg = Debug|Any CPU
		{EB3F604C-ADC8-4438-8877-328592E392B6}.Debug|Any CPU.Build.0 = Debug|Any CPU
		{EB3F604C-ADC8-4438-8877-328592E392B6}.Release|Any CPU.ActiveCfg = Release|Any CPU
		{EB3F604C-ADC8-4438-8877-328592E392B6}.Release|Any CPU.Build.0 = Release|Any CPU
	EndGlobalSection
	GlobalSection(SolutionProperties) = preSolution
		HideSolutionNode = FALSE
	EndGlobalSection
	GlobalSection(ExtensibilityGlobals) = postSolution
		SolutionGuid = {91C8ACC2-AAC1-4146-82F4-A01A03F841FE}
	EndGlobalSection
EndGlobal
